// !$*UTF8*$!
{
	archiveVersion = 1;
	classes = {
	};
	objectVersion = 50;
	objects = {

/* Begin PBXBuildFile section */
		9210A3D3263A166300AAC6B7 /* AppDelegate.swift in Sources */ = {isa = PBXBuildFile; fileRef = 9210A3D2263A166300AAC6B7 /* AppDelegate.swift */; };
		9210A3D5263A166300AAC6B7 /* SceneDelegate.swift in Sources */ = {isa = PBXBuildFile; fileRef = 9210A3D4263A166300AAC6B7 /* SceneDelegate.swift */; };
		9210A3D7263A166300AAC6B7 /* ViewController.swift in Sources */ = {isa = PBXBuildFile; fileRef = 9210A3D6263A166300AAC6B7 /* ViewController.swift */; };
		9210A3DA263A166300AAC6B7 /* Main.storyboard in Resources */ = {isa = PBXBuildFile; fileRef = 9210A3D8263A166300AAC6B7 /* Main.storyboard */; };
		9210A3DC263A166400AAC6B7 /* Assets.xcassets in Resources */ = {isa = PBXBuildFile; fileRef = 9210A3DB263A166400AAC6B7 /* Assets.xcassets */; };
		9210A3DF263A166400AAC6B7 /* LaunchScreen.storyboard in Resources */ = {isa = PBXBuildFile; fileRef = 9210A3DD263A166400AAC6B7 /* LaunchScreen.storyboard */; };
		9210A3EE263A2B2700AAC6B7 /* Constants.swift in Sources */ = {isa = PBXBuildFile; fileRef = 9210A3ED263A2B2700AAC6B7 /* Constants.swift */; };
		9210A3F0263A2CFC00AAC6B7 /* GameManager.swift in Sources */ = {isa = PBXBuildFile; fileRef = 9210A3EF263A2CFC00AAC6B7 /* GameManager.swift */; };
		9210A3F2263A2D1200AAC6B7 /* Player.swift in Sources */ = {isa = PBXBuildFile; fileRef = 9210A3F1263A2D1200AAC6B7 /* Player.swift */; };
		9210A3F4263A2D1E00AAC6B7 /* Sequence.swift in Sources */ = {isa = PBXBuildFile; fileRef = 9210A3F3263A2D1E00AAC6B7 /* Sequence.swift */; };
		9210A3F6263A2D7800AAC6B7 /* Move.swift in Sources */ = {isa = PBXBuildFile; fileRef = 9210A3F5263A2D7800AAC6B7 /* Move.swift */; };
		9210A3F8263A303400AAC6B7 /* ViewModel.swift in Sources */ = {isa = PBXBuildFile; fileRef = 9210A3F7263A303400AAC6B7 /* ViewModel.swift */; };
		9210A3FA263A305E00AAC6B7 /* View.swift in Sources */ = {isa = PBXBuildFile; fileRef = 9210A3F9263A305E00AAC6B7 /* View.swift */; };
		9210A3FC263A327800AAC6B7 /* SaveToDisk.swift in Sources */ = {isa = PBXBuildFile; fileRef = 9210A3FB263A327800AAC6B7 /* SaveToDisk.swift */; };
/* End PBXBuildFile section */

/* Begin PBXFileReference section */
		9210A3CF263A166300AAC6B7 /* Simon Says.app */ = {isa = PBXFileReference; explicitFileType = wrapper.application; includeInIndex = 0; path = "Simon Says.app"; sourceTree = BUILT_PRODUCTS_DIR; };
		9210A3D2263A166300AAC6B7 /* AppDelegate.swift */ = {isa = PBXFileReference; lastKnownFileType = sourcecode.swift; path = AppDelegate.swift; sourceTree = "<group>"; };
		9210A3D4263A166300AAC6B7 /* SceneDelegate.swift */ = {isa = PBXFileReference; lastKnownFileType = sourcecode.swift; path = SceneDelegate.swift; sourceTree = "<group>"; };
		9210A3D6263A166300AAC6B7 /* ViewController.swift */ = {isa = PBXFileReference; lastKnownFileType = sourcecode.swift; path = ViewController.swift; sourceTree = "<group>"; };
		9210A3D9263A166300AAC6B7 /* Base */ = {isa = PBXFileReference; lastKnownFileType = file.storyboard; name = Base; path = Base.lproj/Main.storyboard; sourceTree = "<group>"; };
		9210A3DB263A166400AAC6B7 /* Assets.xcassets */ = {isa = PBXFileReference; lastKnownFileType = folder.assetcatalog; path = Assets.xcassets; sourceTree = "<group>"; };
		9210A3DE263A166400AAC6B7 /* Base */ = {isa = PBXFileReference; lastKnownFileType = file.storyboard; name = Base; path = Base.lproj/LaunchScreen.storyboard; sourceTree = "<group>"; };
		9210A3E0263A166400AAC6B7 /* Info.plist */ = {isa = PBXFileReference; lastKnownFileType = text.plist.xml; path = Info.plist; sourceTree = "<group>"; };
		9210A3ED263A2B2700AAC6B7 /* Constants.swift */ = {isa = PBXFileReference; fileEncoding = 4; lastKnownFileType = sourcecode.swift; path = Constants.swift; sourceTree = "<group>"; };
		9210A3EF263A2CFC00AAC6B7 /* GameManager.swift */ = {isa = PBXFileReference; lastKnownFileType = sourcecode.swift; path = GameManager.swift; sourceTree = "<group>"; };
		9210A3F1263A2D1200AAC6B7 /* Player.swift */ = {isa = PBXFileReference; lastKnownFileType = sourcecode.swift; path = Player.swift; sourceTree = "<group>"; };
		9210A3F3263A2D1E00AAC6B7 /* Sequence.swift */ = {isa = PBXFileReference; lastKnownFileType = sourcecode.swift; path = Sequence.swift; sourceTree = "<group>"; };
		9210A3F5263A2D7800AAC6B7 /* Move.swift */ = {isa = PBXFileReference; lastKnownFileType = sourcecode.swift; path = Move.swift; sourceTree = "<group>"; };
		9210A3F7263A303400AAC6B7 /* ViewModel.swift */ = {isa = PBXFileReference; lastKnownFileType = sourcecode.swift; path = ViewModel.swift; sourceTree = "<group>"; };
		9210A3F9263A305E00AAC6B7 /* View.swift */ = {isa = PBXFileReference; lastKnownFileType = sourcecode.swift; path = View.swift; sourceTree = "<group>"; };
		9210A3FB263A327800AAC6B7 /* SaveToDisk.swift */ = {isa = PBXFileReference; lastKnownFileType = sourcecode.swift; path = SaveToDisk.swift; sourceTree = "<group>"; };
/* End PBXFileReference section */

/* Begin PBXFrameworksBuildPhase section */
		9210A3CC263A166300AAC6B7 /* Frameworks */ = {
			isa = PBXFrameworksBuildPhase;
			buildActionMask = 2147483647;
			files = (
			);
			runOnlyForDeploymentPostprocessing = 0;
		};
/* End PBXFrameworksBuildPhase section */

/* Begin PBXGroup section */
		9210A3C6263A166300AAC6B7 = {
			isa = PBXGroup;
			children = (
				9210A3D1263A166300AAC6B7 /* Simon Says */,
				9210A3D0263A166300AAC6B7 /* Products */,
			);
			sourceTree = "<group>";
		};
		9210A3D0263A166300AAC6B7 /* Products */ = {
			isa = PBXGroup;
			children = (
				9210A3CF263A166300AAC6B7 /* Simon Says.app */,
			);
			name = Products;
			sourceTree = "<group>";
		};
		9210A3D1263A166300AAC6B7 /* Simon Says */ = {
			isa = PBXGroup;
			children = (
				9210A3EA263A16CF00AAC6B7 /* UI */,
				9210A3E9263A16C500AAC6B7 /* Models */,
				9210A3EB263A16D400AAC6B7 /* Service */,
				9210A3E6263A16A900AAC6B7 /* Project Files */,
				9210A3E0263A166400AAC6B7 /* Info.plist */,
			);
			path = "Simon Says";
			sourceTree = "<group>";
		};
		9210A3E6263A16A900AAC6B7 /* Project Files */ = {
			isa = PBXGroup;
			children = (
				9210A3D2263A166300AAC6B7 /* AppDelegate.swift */,
				9210A3D4263A166300AAC6B7 /* SceneDelegate.swift */,
				9210A3D6263A166300AAC6B7 /* ViewController.swift */,
				9210A3DB263A166400AAC6B7 /* Assets.xcassets */,
				9210A3DD263A166400AAC6B7 /* LaunchScreen.storyboard */,
			);
			path = "Project Files";
			sourceTree = "<group>";
		};
		9210A3E9263A16C500AAC6B7 /* Models */ = {
			isa = PBXGroup;
			children = (
				9210A3EF263A2CFC00AAC6B7 /* GameManager.swift */,
				9210A3F1263A2D1200AAC6B7 /* Player.swift */,
				9210A3F3263A2D1E00AAC6B7 /* Sequence.swift */,
				9210A3F5263A2D7800AAC6B7 /* Move.swift */,
			);
			path = Models;
			sourceTree = "<group>";
		};
		9210A3EA263A16CF00AAC6B7 /* UI */ = {
			isa = PBXGroup;
			children = (
				9210A3D8263A166300AAC6B7 /* Main.storyboard */,
				9210A3F9263A305E00AAC6B7 /* View.swift */,
				9210A3F7263A303400AAC6B7 /* ViewModel.swift */,
			);
			path = UI;
			sourceTree = "<group>";
		};
		9210A3EB263A16D400AAC6B7 /* Service */ = {
			isa = PBXGroup;
			children = (
				9210A3ED263A2B2700AAC6B7 /* Constants.swift */,
				9210A3FB263A327800AAC6B7 /* SaveToDisk.swift */,
			);
			path = Service;
			sourceTree = "<group>";
		};
/* End PBXGroup section */

/* Begin PBXNativeTarget section */
		9210A3CE263A166300AAC6B7 /* Simon Says */ = {
			isa = PBXNativeTarget;
			buildConfigurationList = 9210A3E3263A166400AAC6B7 /* Build configuration list for PBXNativeTarget "Simon Says" */;
			buildPhases = (
				9210A3CB263A166300AAC6B7 /* Sources */,
				9210A3CC263A166300AAC6B7 /* Frameworks */,
				9210A3CD263A166300AAC6B7 /* Resources */,
			);
			buildRules = (
			);
			dependencies = (
			);
			name = "Simon Says";
			productName = "Simon Says";
			productReference = 9210A3CF263A166300AAC6B7 /* Simon Says.app */;
			productType = "com.apple.product-type.application";
		};
/* End PBXNativeTarget section */

/* Begin PBXProject section */
		9210A3C7263A166300AAC6B7 /* Project object */ = {
			isa = PBXProject;
			attributes = {
				LastSwiftUpdateCheck = 1250;
				LastUpgradeCheck = 1250;
				TargetAttributes = {
					9210A3CE263A166300AAC6B7 = {
						CreatedOnToolsVersion = 12.5;
					};
				};
			};
			buildConfigurationList = 9210A3CA263A166300AAC6B7 /* Build configuration list for PBXProject "Simon Says" */;
			compatibilityVersion = "Xcode 9.3";
			developmentRegion = en;
			hasScannedForEncodings = 0;
			knownRegions = (
				en,
				Base,
			);
			mainGroup = 9210A3C6263A166300AAC6B7;
			productRefGroup = 9210A3D0263A166300AAC6B7 /* Products */;
			projectDirPath = "";
			projectRoot = "";
			targets = (
				9210A3CE263A166300AAC6B7 /* Simon Says */,
			);
		};
/* End PBXProject section */

/* Begin PBXResourcesBuildPhase section */
		9210A3CD263A166300AAC6B7 /* Resources */ = {
			isa = PBXResourcesBuildPhase;
			buildActionMask = 2147483647;
			files = (
				9210A3DF263A166400AAC6B7 /* LaunchScreen.storyboard in Resources */,
				9210A3DC263A166400AAC6B7 /* Assets.xcassets in Resources */,
				9210A3DA263A166300AAC6B7 /* Main.storyboard in Resources */,
			);
			runOnlyForDeploymentPostprocessing = 0;
		};
/* End PBXResourcesBuildPhase section */

/* Begin PBXSourcesBuildPhase section */
		9210A3CB263A166300AAC6B7 /* Sources */ = {
			isa = PBXSourcesBuildPhase;
			buildActionMask = 2147483647;
			files = (
				9210A3D7263A166300AAC6B7 /* ViewController.swift in Sources */,
				9210A3F8263A303400AAC6B7 /* ViewModel.swift in Sources */,
				9210A3FA263A305E00AAC6B7 /* View.swift in Sources */,
				9210A3D3263A166300AAC6B7 /* AppDelegate.swift in Sources */,
				9210A3F4263A2D1E00AAC6B7 /* Sequence.swift in Sources */,
				9210A3D5263A166300AAC6B7 /* SceneDelegate.swift in Sources */,
				9210A3F6263A2D7800AAC6B7 /* Move.swift in Sources */,
				9210A3EE263A2B2700AAC6B7 /* Constants.swift in Sources */,
				9210A3F2263A2D1200AAC6B7 /* Player.swift in Sources */,
				9210A3F0263A2CFC00AAC6B7 /* GameManager.swift in Sources */,
				9210A3FC263A327800AAC6B7 /* SaveToDisk.swift in Sources */,
			);
			runOnlyForDeploymentPostprocessing = 0;
		};
/* End PBXSourcesBuildPhase section */

/* Begin PBXVariantGroup section */
		9210A3D8263A166300AAC6B7 /* Main.storyboard */ = {
			isa = PBXVariantGroup;
			children = (
				9210A3D9263A166300AAC6B7 /* Base */,
			);
			name = Main.storyboard;
			sourceTree = "<group>";
		};
		9210A3DD263A166400AAC6B7 /* LaunchScreen.storyboard */ = {
			isa = PBXVariantGroup;
			children = (
				9210A3DE263A166400AAC6B7 /* Base */,
			);
			name = LaunchScreen.storyboard;
			sourceTree = "<group>";
		};
/* End PBXVariantGroup section */

/* Begin XCBuildConfiguration section */
		9210A3E1263A166400AAC6B7 /* Debug */ = {
			isa = XCBuildConfiguration;
			buildSettings = {
				ALWAYS_SEARCH_USER_PATHS = NO;
				CLANG_ANALYZER_NONNULL = YES;
				CLANG_ANALYZER_NUMBER_OBJECT_CONVERSION = YES_AGGRESSIVE;
				CLANG_CXX_LANGUAGE_STANDARD = "gnu++14";
				CLANG_CXX_LIBRARY = "libc++";
				CLANG_ENABLE_MODULES = YES;
				CLANG_ENABLE_OBJC_ARC = YES;
				CLANG_ENABLE_OBJC_WEAK = YES;
				CLANG_WARN_BLOCK_CAPTURE_AUTORELEASING = YES;
				CLANG_WARN_BOOL_CONVERSION = YES;
				CLANG_WARN_COMMA = YES;
				CLANG_WARN_CONSTANT_CONVERSION = YES;
				CLANG_WARN_DEPRECATED_OBJC_IMPLEMENTATIONS = YES;
				CLANG_WARN_DIRECT_OBJC_ISA_USAGE = YES_ERROR;
				CLANG_WARN_DOCUMENTATION_COMMENTS = YES;
				CLANG_WARN_EMPTY_BODY = YES;
				CLANG_WARN_ENUM_CONVERSION = YES;
				CLANG_WARN_INFINITE_RECURSION = YES;
				CLANG_WARN_INT_CONVERSION = YES;
				CLANG_WARN_NON_LITERAL_NULL_CONVERSION = YES;
				CLANG_WARN_OBJC_IMPLICIT_RETAIN_SELF = YES;
				CLANG_WARN_OBJC_LITERAL_CONVERSION = YES;
				CLANG_WARN_OBJC_ROOT_CLASS = YES_ERROR;
				CLANG_WARN_QUOTED_INCLUDE_IN_FRAMEWORK_HEADER = YES;
				CLANG_WARN_RANGE_LOOP_ANALYSIS = YES;
				CLANG_WARN_STRICT_PROTOTYPES = YES;
				CLANG_WARN_SUSPICIOUS_MOVE = YES;
				CLANG_WARN_UNGUARDED_AVAILABILITY = YES_AGGRESSIVE;
				CLANG_WARN_UNREACHABLE_CODE = YES;
				CLANG_WARN__DUPLICATE_METHOD_MATCH = YES;
				COPY_PHASE_STRIP = NO;
				DEBUG_INFORMATION_FORMAT = dwarf;
				ENABLE_STRICT_OBJC_MSGSEND = YES;
				ENABLE_TESTABILITY = YES;
				GCC_C_LANGUAGE_STANDARD = gnu11;
				GCC_DYNAMIC_NO_PIC = NO;
				GCC_NO_COMMON_BLOCKS = YES;
				GCC_OPTIMIZATION_LEVEL = 0;
				GCC_PREPROCESSOR_DEFINITIONS = (
					"DEBUG=1",
					"$(inherited)",
				);
				GCC_WARN_64_TO_32_BIT_CONVERSION = YES;
				GCC_WARN_ABOUT_RETURN_TYPE = YES_ERROR;
				GCC_WARN_UNDECLARED_SELECTOR = YES;
				GCC_WARN_UNINITIALIZED_AUTOS = YES_AGGRESSIVE;
				GCC_WARN_UNUSED_FUNCTION = YES;
				GCC_WARN_UNUSED_VARIABLE = YES;
				IPHONEOS_DEPLOYMENT_TARGET = 14.5;
				MTL_ENABLE_DEBUG_INFO = INCLUDE_SOURCE;
				MTL_FAST_MATH = YES;
				ONLY_ACTIVE_ARCH = YES;
				SDKROOT = iphoneos;
				SWIFT_ACTIVE_COMPILATION_CONDITIONS = DEBUG;
				SWIFT_OPTIMIZATION_LEVEL = "-Onone";
			};
			name = Debug;
		};
		9210A3E2263A166400AAC6B7 /* Release */ = {
			isa = XCBuildConfiguration;
			buildSettings = {
				ALWAYS_SEARCH_USER_PATHS = NO;
				CLANG_ANALYZER_NONNULL = YES;
				CLANG_ANALYZER_NUMBER_OBJECT_CONVERSION = YES_AGGRESSIVE;
				CLANG_CXX_LANGUAGE_STANDARD = "gnu++14";
				CLANG_CXX_LIBRARY = "libc++";
				CLANG_ENABLE_MODULES = YES;
				CLANG_ENABLE_OBJC_ARC = YES;
				CLANG_ENABLE_OBJC_WEAK = YES;
				CLANG_WARN_BLOCK_CAPTURE_AUTORELEASING = YES;
				CLANG_WARN_BOOL_CONVERSION = YES;
				CLANG_WARN_COMMA = YES;
				CLANG_WARN_CONSTANT_CONVERSION = YES;
				CLANG_WARN_DEPRECATED_OBJC_IMPLEMENTATIONS = YES;
				CLANG_WARN_DIRECT_OBJC_ISA_USAGE = YES_ERROR;
				CLANG_WARN_DOCUMENTATION_COMMENTS = YES;
				CLANG_WARN_EMPTY_BODY = YES;
				CLANG_WARN_ENUM_CONVERSION = YES;
				CLANG_WARN_INFINITE_RECURSION = YES;
				CLANG_WARN_INT_CONVERSION = YES;
				CLANG_WARN_NON_LITERAL_NULL_CONVERSION = YES;
				CLANG_WARN_OBJC_IMPLICIT_RETAIN_SELF = YES;
				CLANG_WARN_OBJC_LITERAL_CONVERSION = YES;
				CLANG_WARN_OBJC_ROOT_CLASS = YES_ERROR;
				CLANG_WARN_QUOTED_INCLUDE_IN_FRAMEWORK_HEADER = YES;
				CLANG_WARN_RANGE_LOOP_ANALYSIS = YES;
				CLANG_WARN_STRICT_PROTOTYPES = YES;
				CLANG_WARN_SUSPICIOUS_MOVE = YES;
				CLANG_WARN_UNGUARDED_AVAILABILITY = YES_AGGRESSIVE;
				CLANG_WARN_UNREACHABLE_CODE = YES;
				CLANG_WARN__DUPLICATE_METHOD_MATCH = YES;
				COPY_PHASE_STRIP = NO;
				DEBUG_INFORMATION_FORMAT = "dwarf-with-dsym";
				ENABLE_NS_ASSERTIONS = NO;
				ENABLE_STRICT_OBJC_MSGSEND = YES;
				GCC_C_LANGUAGE_STANDARD = gnu11;
				GCC_NO_COMMON_BLOCKS = YES;
				GCC_WARN_64_TO_32_BIT_CONVERSION = YES;
				GCC_WARN_ABOUT_RETURN_TYPE = YES_ERROR;
				GCC_WARN_UNDECLARED_SELECTOR = YES;
				GCC_WARN_UNINITIALIZED_AUTOS = YES_AGGRESSIVE;
				GCC_WARN_UNUSED_FUNCTION = YES;
				GCC_WARN_UNUSED_VARIABLE = YES;
				IPHONEOS_DEPLOYMENT_TARGET = 14.5;
				MTL_ENABLE_DEBUG_INFO = NO;
				MTL_FAST_MATH = YES;
				SDKROOT = iphoneos;
				SWIFT_COMPILATION_MODE = wholemodule;
				SWIFT_OPTIMIZATION_LEVEL = "-O";
				VALIDATE_PRODUCT = YES;
			};
			name = Release;
		};
		9210A3E4263A166400AAC6B7 /* Debug */ = {
			isa = XCBuildConfiguration;
			buildSettings = {
				ASSETCATALOG_COMPILER_APPICON_NAME = AppIcon;
				ASSETCATALOG_COMPILER_GLOBAL_ACCENT_COLOR_NAME = AccentColor;
				CODE_SIGN_STYLE = Automatic;
				DEVELOPMENT_TEAM = TU5YFGML52;
				INFOPLIST_FILE = "Simon Says/Info.plist";
				LD_RUNPATH_SEARCH_PATHS = (
					"$(inherited)",
					"@executable_path/Frameworks",
				);
				PRODUCT_BUNDLE_IDENTIFIER = "com.anthonyguay.Simon-Says";
				PRODUCT_NAME = "$(TARGET_NAME)";
				SWIFT_VERSION = 5.0;
				TARGETED_DEVICE_FAMILY = "1,2";
			};
			name = Debug;
		};
		9210A3E5263A166400AAC6B7 /* Release */ = {
			isa = XCBuildConfiguration;
			buildSettings = {
				ASSETCATALOG_COMPILER_APPICON_NAME = AppIcon;
				ASSETCATALOG_COMPILER_GLOBAL_ACCENT_COLOR_NAME = AccentColor;
				CODE_SIGN_STYLE = Automatic;
				DEVELOPMENT_TEAM = TU5YFGML52;
				INFOPLIST_FILE = "Simon Says/Info.plist";
				LD_RUNPATH_SEARCH_PATHS = (
					"$(inherited)",
					"@executable_path/Frameworks",
				);
				PRODUCT_BUNDLE_IDENTIFIER = "com.anthonyguay.Simon-Says";
				PRODUCT_NAME = "$(TARGET_NAME)";
				SWIFT_VERSION = 5.0;
				TARGETED_DEVICE_FAMILY = "1,2";
			};
			name = Release;
		};
/* End XCBuildConfiguration section */

/* Begin XCConfigurationList section */
		9210A3CA263A166300AAC6B7 /* Build configuration list for PBXProject "Simon Says" */ = {
			isa = XCConfigurationList;
			buildConfigurations = (
				9210A3E1263A166400AAC6B7 /* Debug */,
				9210A3E2263A166400AAC6B7 /* Release */,
			);
			defaultConfigurationIsVisible = 0;
			defaultConfigurationName = Release;
		};
		9210A3E3263A166400AAC6B7 /* Build configuration list for PBXNativeTarget "Simon Says" */ = {
			isa = XCConfigurationList;
			buildConfigurations = (
				9210A3E4263A166400AAC6B7 /* Debug */,
				9210A3E5263A166400AAC6B7 /* Release */,
			);
			defaultConfigurationIsVisible = 0;
			defaultConfigurationName = Release;
		};
/* End XCConfigurationList section */
	};
	rootObject = 9210A3C7263A166300AAC6B7 /* Project object */;
}
